
Microsoft Visual Studio Solution File, Format Version 12.00
# Visual Studio 2013
VisualStudioVersion = 12.0.30723.0
MinimumVisualStudioVersion = 10.0.40219.1
Project("{FAE04EC0-301F-11D3-BF4B-00C04F79EFBC}") = "Name", "Name\Name.csproj", "{3EB4F5BD-7A26-488B-AC4B-C8B4B49661AD}"
EndProject
Project("{FAE04EC0-301F-11D3-BF4B-00C04F79EFBC}") = "Name.IntegrationTests", "Name.IntegrationTests\Name.IntegrationTests.csproj", "{D1C4BC2E-55B8-452A-8948-29B172E65C8F}"
EndProject
Project("{2150E333-8FDC-42A3-9474-1A3956D46DE8}") = "Solution Items", "Solution Items", "{A8D1C67F-285D-495F-852E-E9B61714266A}"
	ProjectSection(SolutionItems) = preProject
		..\assets\namecom_api.php = ..\assets\namecom_api.php
		..\assets\namedotcom_api_documentation.pdf = ..\assets\namedotcom_api_documentation.pdf
	EndProjectSection
EndProject
Global
	GlobalSection(SolutionConfigurationPlatforms) = preSolution
		Debug|Any CPU = Debug|Any CPU
		Release|Any CPU = Release|Any CPU
	EndGlobalSection
	GlobalSection(ProjectConfigurationPlatforms) = postSolution
		{3EB4F5BD-7A26-488B-AC4B-C8B4B49661AD}.Debug|Any CPU.ActiveCfg = Debug|Any CPU
		{3EB4F5BD-7A26-488B-AC4B-C8B4B49661AD}.Debug|Any CPU.Build.0 = Debug|Any CPU
		{3EB4F5BD-7A26-488B-AC4B-C8B4B49661AD}.Release|Any CPU.ActiveCfg = Release|Any CPU
		{3EB4F5BD-7A26-488B-AC4B-C8B4B49661AD}.Release|Any CPU.Build.0 = Release|Any CPU
		{D1C4BC2E-55B8-452A-8948-29B172E65C8F}.Debug|Any CPU.ActiveCfg = Debug|Any CPU
		{D1C4BC2E-55B8-452A-8948-29B172E65C8F}.Debug|Any CPU.Build.0 = Debug|Any CPU
		{D1C4BC2E-55B8-452A-8948-29B172E65C8F}.Release|Any CPU.ActiveCfg = Release|Any CPU
		{D1C4BC2E-55B8-452A-8948-29B172E65C8F}.Release|Any CPU.Build.0 = Release|Any CPU
	EndGlobalSection
	GlobalSection(SolutionProperties) = preSolution
		HideSolutionNode = FALSE
	EndGlobalSection
EndGlobal
